
Microsoft Visual Studio Solution File, Format Version 12.00
# Visual Studio 2012
Project("{FAE04EC0-301F-11D3-BF4B-00C04F79EFBC}") = "orchestrion", "orchestrion\orchestrion.csproj", "{4CD5431A-FDF4-493C-A7F1-93E622534977}"
EndProject
Project("{2150E333-8FDC-42A3-9474-1A3956D46DE8}") = ".build", ".build", "{8C129988-5E98-4360-9237-C16D964AB4E1}"
	ProjectSection(SolutionItems) = preProject
		Build.proj = Build.proj
		.build\MSBuild.Community.Tasks.dll = .build\MSBuild.Community.Tasks.dll
		.build\MSBuild.Community.Tasks.targets = .build\MSBuild.Community.Tasks.targets
	EndProjectSection
EndProject
Global
	GlobalSection(SolutionConfigurationPlatforms) = preSolution
		Debug|Any CPU = Debug|Any CPU
		Release|Any CPU = Release|Any CPU
	EndGlobalSection
	GlobalSection(ProjectConfigurationPlatforms) = postSolution
		{4CD5431A-FDF4-493C-A7F1-93E622534977}.Debug|Any CPU.ActiveCfg = Debug|Any CPU
		{4CD5431A-FDF4-493C-A7F1-93E622534977}.Debug|Any CPU.Build.0 = Debug|Any CPU
		{4CD5431A-FDF4-493C-A7F1-93E622534977}.Release|Any CPU.ActiveCfg = Release|Any CPU
		{4CD5431A-FDF4-493C-A7F1-93E622534977}.Release|Any CPU.Build.0 = Release|Any CPU
	EndGlobalSection
	GlobalSection(SolutionProperties) = preSolution
		HideSolutionNode = FALSE
	EndGlobalSection
EndGlobal
